
Microsoft Visual Studio Solution File, Format Version 12.00
# Visual Studio Version 16
VisualStudioVersion = 16.0.31729.503
MinimumVisualStudioVersion = 10.0.40219.1
Project("{9A19103F-16F7-4668-BE54-9A1E7A4F7556}") = "CoreCampBlog", "CoreCampBlog\CoreCampBlog.csproj", "{94DE9D4B-298C-4765-AA95-B0917ABA4EA1}"
EndProject
Project("{9A19103F-16F7-4668-BE54-9A1E7A4F7556}") = "EntityLayer", "EntityLayer\EntityLayer.csproj", "{D016A7B0-F83B-4F0B-ABD7-AB319A61938E}"
EndProject
Project("{9A19103F-16F7-4668-BE54-9A1E7A4F7556}") = "DataAccessLayer", "DataAccessLayer\DataAccessLayer.csproj", "{977EFAC1-DE45-4B74-91FF-B0B0B919784F}"
EndProject
Project("{9A19103F-16F7-4668-BE54-9A1E7A4F7556}") = "BusinessLayer", "BusinessLayer\BusinessLayer.csproj", "{1D956B33-2394-4891-97AC-A51D12480382}"
EndProject
Project("{FAE04EC0-301F-11D3-BF4B-00C04F79EFBC}") = "BlogApiDemo", "BlogApiDemo\BlogApiDemo.csproj", "{C6179C8B-F92A-4E4A-B284-9A5E0FDB574F}"
EndProject
Global
	GlobalSection(SolutionConfigurationPlatforms) = preSolution
		Debug|Any CPU = Debug|Any CPU
		Release|Any CPU = Release|Any CPU
	EndGlobalSection
	GlobalSection(ProjectConfigurationPlatforms) = postSolution
		{94DE9D4B-298C-4765-AA95-B0917ABA4EA1}.Debug|Any CPU.ActiveCfg = Debug|Any CPU
		{94DE9D4B-298C-4765-AA95-B0917ABA4EA1}.Debug|Any CPU.Build.0 = Debug|Any CPU
		{94DE9D4B-298C-4765-AA95-B0917ABA4EA1}.Release|Any CPU.ActiveCfg = Release|Any CPU
		{94DE9D4B-298C-4765-AA95-B0917ABA4EA1}.Release|Any CPU.Build.0 = Release|Any CPU
		{D016A7B0-F83B-4F0B-ABD7-AB319A61938E}.Debug|Any CPU.ActiveCfg = Debug|Any CPU
		{D016A7B0-F83B-4F0B-ABD7-AB319A61938E}.Debug|Any CPU.Build.0 = Debug|Any CPU
		{D016A7B0-F83B-4F0B-ABD7-AB319A61938E}.Release|Any CPU.ActiveCfg = Release|Any CPU
		{D016A7B0-F83B-4F0B-ABD7-AB319A61938E}.Release|Any CPU.Build.0 = Release|Any CPU
		{977EFAC1-DE45-4B74-91FF-B0B0B919784F}.Debug|Any CPU.ActiveCfg = Debug|Any CPU
		{977EFAC1-DE45-4B74-91FF-B0B0B919784F}.Debug|Any CPU.Build.0 = Debug|Any CPU
		{977EFAC1-DE45-4B74-91FF-B0B0B919784F}.Release|Any CPU.ActiveCfg = Release|Any CPU
		{977EFAC1-DE45-4B74-91FF-B0B0B919784F}.Release|Any CPU.Build.0 = Release|Any CPU
		{1D956B33-2394-4891-97AC-A51D12480382}.Debug|Any CPU.ActiveCfg = Debug|Any CPU
		{1D956B33-2394-4891-97AC-A51D12480382}.Debug|Any CPU.Build.0 = Debug|Any CPU
		{1D956B33-2394-4891-97AC-A51D12480382}.Release|Any CPU.ActiveCfg = Release|Any CPU
		{1D956B33-2394-4891-97AC-A51D12480382}.Release|Any CPU.Build.0 = Release|Any CPU
		{C6179C8B-F92A-4E4A-B284-9A5E0FDB574F}.Debug|Any CPU.ActiveCfg = Debug|Any CPU
		{C6179C8B-F92A-4E4A-B284-9A5E0FDB574F}.Debug|Any CPU.Build.0 = Debug|Any CPU
		{C6179C8B-F92A-4E4A-B284-9A5E0FDB574F}.Release|Any CPU.ActiveCfg = Release|Any CPU
		{C6179C8B-F92A-4E4A-B284-9A5E0FDB574F}.Release|Any CPU.Build.0 = Release|Any CPU
	EndGlobalSection
	GlobalSection(SolutionProperties) = preSolution
		HideSolutionNode = FALSE
	EndGlobalSection
	GlobalSection(ExtensibilityGlobals) = postSolution
		SolutionGuid = {EF181739-A462-4CD6-8B43-3EAB53D51A69}
	EndGlobalSection
EndGlobal
